// !$*UTF8*$!
{
	archiveVersion = 1;
	classes = {
	};
	objectVersion = 56;
	objects = {

/* Begin PBXBuildFile section */
		A54143082A1E395E005B6A67 /* main.m in Sources */ = {isa = PBXBuildFile; fileRef = A54143072A1E395E005B6A67 /* main.m */; };
		A54143102A1E3B9C005B6A67 /* Asina.m in Sources */ = {isa = PBXBuildFile; fileRef = A541430F2A1E3B9C005B6A67 /* Asina.m */; };
		A54143132A1E575F005B6A67 /* Sakura.m in Sources */ = {isa = PBXBuildFile; fileRef = A54143122A1E575F005B6A67 /* Sakura.m */; };
/* End PBXBuildFile section */

/* Begin PBXCopyFilesBuildPhase section */
		A54143022A1E395E005B6A67 /* CopyFiles */ = {
			isa = PBXCopyFilesBuildPhase;
			buildActionMask = 2147483647;
			dstPath = /usr/share/man/man1/;
			dstSubfolderSpec = 0;
			files = (
			);
			runOnlyForDeploymentPostprocessing = 1;
		};
/* End PBXCopyFilesBuildPhase section */

/* Begin PBXFileReference section */
		A54143042A1E395E005B6A67 /* 单例 */ = {isa = PBXFileReference; explicitFileType = "compiled.mach-o.executable"; includeInIndex = 0; path = "单例"; sourceTree = BUILT_PRODUCTS_DIR; };
		A54143072A1E395E005B6A67 /* main.m */ = {isa = PBXFileReference; lastKnownFileType = sourcecode.c.objc; path = main.m; sourceTree = "<group>"; };
		A541430E2A1E3B9C005B6A67 /* Asina.h */ = {isa = PBXFileReference; lastKnownFileType = sourcecode.c.h; path = Asina.h; sourceTree = "<group>"; };
		A541430F2A1E3B9C005B6A67 /* Asina.m */ = {isa = PBXFileReference; lastKnownFileType = sourcecode.c.objc; path = Asina.m; sourceTree = "<group>"; };
		A54143112A1E575F005B6A67 /* Sakura.h */ = {isa = PBXFileReference; lastKnownFileType = sourcecode.c.h; path = Sakura.h; sourceTree = "<group>"; };
		A54143122A1E575F005B6A67 /* Sakura.m */ = {isa = PBXFileReference; lastKnownFileType = sourcecode.c.objc; path = Sakura.m; sourceTree = "<group>"; };
/* End PBXFileReference section */

/* Begin PBXFrameworksBuildPhase section */
		A54143012A1E395E005B6A67 /* Frameworks */ = {
			isa = PBXFrameworksBuildPhase;
			buildActionMask = 2147483647;
			files = (
			);
			runOnlyForDeploymentPostprocessing = 0;
		};
/* End PBXFrameworksBuildPhase section */

/* Begin PBXGroup section */
		A54142FB2A1E395E005B6A67 = {
			isa = PBXGroup;
			children = (
				A54143062A1E395E005B6A67 /* 单例 */,
				A54143052A1E395E005B6A67 /* Products */,
			);
			sourceTree = "<group>";
		};
		A54143052A1E395E005B6A67 /* Products */ = {
			isa = PBXGroup;
			children = (
				A54143042A1E395E005B6A67 /* 单例 */,
			);
			name = Products;
			sourceTree = "<group>";
		};
		A54143062A1E395E005B6A67 /* 单例 */ = {
			isa = PBXGroup;
			children = (
				A54143072A1E395E005B6A67 /* main.m */,
				A541430E2A1E3B9C005B6A67 /* Asina.h */,
				A541430F2A1E3B9C005B6A67 /* Asina.m */,
				A54143112A1E575F005B6A67 /* Sakura.h */,
				A54143122A1E575F005B6A67 /* Sakura.m */,
			);
			path = "单例";
			sourceTree = "<group>";
		};
/* End PBXGroup section */

/* Begin PBXNativeTarget section */
		A54143032A1E395E005B6A67 /* 单例 */ = {
			isa = PBXNativeTarget;
			buildConfigurationList = A541430B2A1E395E005B6A67 /* Build configuration list for PBXNativeTarget "单例" */;
			buildPhases = (
				A54143002A1E395E005B6A67 /* Sources */,
				A54143012A1E395E005B6A67 /* Frameworks */,
				A54143022A1E395E005B6A67 /* CopyFiles */,
			);
			buildRules = (
			);
			dependencies = (
			);
			name = "单例";
			productName = "单例";
			productReference = A54143042A1E395E005B6A67 /* 单例 */;
			productType = "com.apple.product-type.tool";
		};
/* End PBXNativeTarget section */

/* Begin PBXProject section */
		A54142FC2A1E395E005B6A67 /* Project object */ = {
			isa = PBXProject;
			attributes = {
				BuildIndependentTargetsInParallel = 1;
				LastUpgradeCheck = 1430;
				TargetAttributes = {
					A54143032A1E395E005B6A67 = {
						CreatedOnToolsVersion = 14.3;
					};
				};
			};
			buildConfigurationList = A54142FF2A1E395E005B6A67 /* Build configuration list for PBXProject "单例" */;
			compatibilityVersion = "Xcode 14.0";
			developmentRegion = en;
			hasScannedForEncodings = 0;
			knownRegions = (
				en,
				Base,
			);
			mainGroup = A54142FB2A1E395E005B6A67;
			productRefGroup = A54143052A1E395E005B6A67 /* Products */;
			projectDirPath = "";
			projectRoot = "";
			targets = (
				A54143032A1E395E005B6A67 /* 单例 */,
			);
		};
/* End PBXProject section */

/* Begin PBXSourcesBuildPhase section */
		A54143002A1E395E005B6A67 /* Sources */ = {
			isa = PBXSourcesBuildPhase;
			buildActionMask = 2147483647;
			files = (
				A54143102A1E3B9C005B6A67 /* Asina.m in Sources */,
				A54143132A1E575F005B6A67 /* Sakura.m in Sources */,
				A54143082A1E395E005B6A67 /* main.m in Sources */,
			);
			runOnlyForDeploymentPostprocessing = 0;
		};
/* End PBXSourcesBuildPhase section */

/* Begin XCBuildConfiguration section */
		A54143092A1E395E005B6A67 /* Debug */ = {
			isa = XCBuildConfiguration;
			buildSettings = {
				ALWAYS_SEARCH_USER_PATHS = NO;
				CLANG_ANALYZER_NONNULL = YES;
				CLANG_ANALYZER_NUMBER_OBJECT_CONVERSION = YES_AGGRESSIVE;
				CLANG_CXX_LANGUAGE_STANDARD = "gnu++20";
				CLANG_ENABLE_MODULES = YES;
				CLANG_ENABLE_OBJC_ARC = YES;
				CLANG_ENABLE_OBJC_WEAK = YES;
				CLANG_WARN_BLOCK_CAPTURE_AUTORELEASING = YES;
				CLANG_WARN_BOOL_CONVERSION = YES;
				CLANG_WARN_COMMA = YES;
				CLANG_WARN_CONSTANT_CONVERSION = YES;
				CLANG_WARN_DEPRECATED_OBJC_IMPLEMENTATIONS = YES;
				CLANG_WARN_DIRECT_OBJC_ISA_USAGE = YES_ERROR;
				CLANG_WARN_DOCUMENTATION_COMMENTS = YES;
				CLANG_WARN_EMPTY_BODY = YES;
				CLANG_WARN_ENUM_CONVERSION = YES;
				CLANG_WARN_INFINITE_RECURSION = YES;
				CLANG_WARN_INT_CONVERSION = YES;
				CLANG_WARN_NON_LITERAL_NULL_CONVERSION = YES;
				CLANG_WARN_OBJC_IMPLICIT_RETAIN_SELF = YES;
				CLANG_WARN_OBJC_LITERAL_CONVERSION = YES;
				CLANG_WARN_OBJC_ROOT_CLASS = YES_ERROR;
				CLANG_WARN_QUOTED_INCLUDE_IN_FRAMEWORK_HEADER = YES;
				CLANG_WARN_RANGE_LOOP_ANALYSIS = YES;
				CLANG_WARN_STRICT_PROTOTYPES = YES;
				CLANG_WARN_SUSPICIOUS_MOVE = YES;
				CLANG_WARN_UNGUARDED_AVAILABILITY = YES_AGGRESSIVE;
				CLANG_WARN_UNREACHABLE_CODE = YES;
				CLANG_WARN__DUPLICATE_METHOD_MATCH = YES;
				COPY_PHASE_STRIP = NO;
				DEBUG_INFORMATION_FORMAT = dwarf;
				ENABLE_STRICT_OBJC_MSGSEND = YES;
				ENABLE_TESTABILITY = YES;
				GCC_C_LANGUAGE_STANDARD = gnu11;
				GCC_DYNAMIC_NO_PIC = NO;
				GCC_NO_COMMON_BLOCKS = YES;
				GCC_OPTIMIZATION_LEVEL = 0;
				GCC_PREPROCESSOR_DEFINITIONS = (
					"DEBUG=1",
					"$(inherited)",
				);
				GCC_WARN_64_TO_32_BIT_CONVERSION = YES;
				GCC_WARN_ABOUT_RETURN_TYPE = YES_ERROR;
				GCC_WARN_UNDECLARED_SELECTOR = YES;
				GCC_WARN_UNINITIALIZED_AUTOS = YES_AGGRESSIVE;
				GCC_WARN_UNUSED_FUNCTION = YES;
				GCC_WARN_UNUSED_VARIABLE = YES;
				MACOSX_DEPLOYMENT_TARGET = 13.0;
				MTL_ENABLE_DEBUG_INFO = INCLUDE_SOURCE;
				MTL_FAST_MATH = YES;
				ONLY_ACTIVE_ARCH = YES;
				SDKROOT = macosx;
			};
			name = Debug;
		};
		A541430A2A1E395E005B6A67 /* Release */ = {
			isa = XCBuildConfiguration;
			buildSettings = {
				ALWAYS_SEARCH_USER_PATHS = NO;
				CLANG_ANALYZER_NONNULL = YES;
				CLANG_ANALYZER_NUMBER_OBJECT_CONVERSION = YES_AGGRESSIVE;
				CLANG_CXX_LANGUAGE_STANDARD = "gnu++20";
				CLANG_ENABLE_MODULES = YES;
				CLANG_ENABLE_OBJC_ARC = YES;
				CLANG_ENABLE_OBJC_WEAK = YES;
				CLANG_WARN_BLOCK_CAPTURE_AUTORELEASING = YES;
				CLANG_WARN_BOOL_CONVERSION = YES;
				CLANG_WARN_COMMA = YES;
				CLANG_WARN_CONSTANT_CONVERSION = YES;
				CLANG_WARN_DEPRECATED_OBJC_IMPLEMENTATIONS = YES;
				CLANG_WARN_DIRECT_OBJC_ISA_USAGE = YES_ERROR;
				CLANG_WARN_DOCUMENTATION_COMMENTS = YES;
				CLANG_WARN_EMPTY_BODY = YES;
				CLANG_WARN_ENUM_CONVERSION = YES;
				CLANG_WARN_INFINITE_RECURSION = YES;
				CLANG_WARN_INT_CONVERSION = YES;
				CLANG_WARN_NON_LITERAL_NULL_CONVERSION = YES;
				CLANG_WARN_OBJC_IMPLICIT_RETAIN_SELF = YES;
				CLANG_WARN_OBJC_LITERAL_CONVERSION = YES;
				CLANG_WARN_OBJC_ROOT_CLASS = YES_ERROR;
				CLANG_WARN_QUOTED_INCLUDE_IN_FRAMEWORK_HEADER = YES;
				CLANG_WARN_RANGE_LOOP_ANALYSIS = YES;
				CLANG_WARN_STRICT_PROTOTYPES = YES;
				CLANG_WARN_SUSPICIOUS_MOVE = YES;
				CLANG_WARN_UNGUARDED_AVAILABILITY = YES_AGGRESSIVE;
				CLANG_WARN_UNREACHABLE_CODE = YES;
				CLANG_WARN__DUPLICATE_METHOD_MATCH = YES;
				COPY_PHASE_STRIP = NO;
				DEBUG_INFORMATION_FORMAT = "dwarf-with-dsym";
				ENABLE_NS_ASSERTIONS = NO;
				ENABLE_STRICT_OBJC_MSGSEND = YES;
				GCC_C_LANGUAGE_STANDARD = gnu11;
				GCC_NO_COMMON_BLOCKS = YES;
				GCC_WARN_64_TO_32_BIT_CONVERSION = YES;
				GCC_WARN_ABOUT_RETURN_TYPE = YES_ERROR;
				GCC_WARN_UNDECLARED_SELECTOR = YES;
				GCC_WARN_UNINITIALIZED_AUTOS = YES_AGGRESSIVE;
				GCC_WARN_UNUSED_FUNCTION = YES;
				GCC_WARN_UNUSED_VARIABLE = YES;
				MACOSX_DEPLOYMENT_TARGET = 13.0;
				MTL_ENABLE_DEBUG_INFO = NO;
				MTL_FAST_MATH = YES;
				SDKROOT = macosx;
			};
			name = Release;
		};
		A541430C2A1E395E005B6A67 /* Debug */ = {
			isa = XCBuildConfiguration;
			buildSettings = {
				CODE_SIGN_STYLE = Automatic;
				PRODUCT_NAME = "$(TARGET_NAME)";
			};
			name = Debug;
		};
		A541430D2A1E395E005B6A67 /* Release */ = {
			isa = XCBuildConfiguration;
			buildSettings = {
				CODE_SIGN_STYLE = Automatic;
				PRODUCT_NAME = "$(TARGET_NAME)";
			};
			name = Release;
		};
/* End XCBuildConfiguration section */

/* Begin XCConfigurationList section */
		A54142FF2A1E395E005B6A67 /* Build configuration list for PBXProject "单例" */ = {
			isa = XCConfigurationList;
			buildConfigurations = (
				A54143092A1E395E005B6A67 /* Debug */,
				A541430A2A1E395E005B6A67 /* Release */,
			);
			defaultConfigurationIsVisible = 0;
			defaultConfigurationName = Release;
		};
		A541430B2A1E395E005B6A67 /* Build configuration list for PBXNativeTarget "单例" */ = {
			isa = XCConfigurationList;
			buildConfigurations = (
				A541430C2A1E395E005B6A67 /* Debug */,
				A541430D2A1E395E005B6A67 /* Release */,
			);
			defaultConfigurationIsVisible = 0;
			defaultConfigurationName = Release;
		};
/* End XCConfigurationList section */
	};
	rootObject = A54142FC2A1E395E005B6A67 /* Project object */;
}
