// !$*UTF8*$!
{
	archiveVersion = 1;
	classes = {
	};
	objectVersion = 56;
	objects = {

/* Begin PBXBuildFile section */
		A5B5071E2A2CBAB60056301D /* AppDelegate.m in Sources */ = {isa = PBXBuildFile; fileRef = A5B5071D2A2CBAB60056301D /* AppDelegate.m */; };
		A5B507212A2CBAB60056301D /* SceneDelegate.m in Sources */ = {isa = PBXBuildFile; fileRef = A5B507202A2CBAB60056301D /* SceneDelegate.m */; };
		A5B507242A2CBAB60056301D /* ViewController.m in Sources */ = {isa = PBXBuildFile; fileRef = A5B507232A2CBAB60056301D /* ViewController.m */; };
		A5B507272A2CBAB60056301D /* Main.storyboard in Resources */ = {isa = PBXBuildFile; fileRef = A5B507252A2CBAB60056301D /* Main.storyboard */; };
		A5B507292A2CBAB80056301D /* Assets.xcassets in Resources */ = {isa = PBXBuildFile; fileRef = A5B507282A2CBAB80056301D /* Assets.xcassets */; };
		A5B5072C2A2CBAB80056301D /* LaunchScreen.storyboard in Resources */ = {isa = PBXBuildFile; fileRef = A5B5072A2A2CBAB80056301D /* LaunchScreen.storyboard */; };
		A5B5072F2A2CBAB80056301D /* main.m in Sources */ = {isa = PBXBuildFile; fileRef = A5B5072E2A2CBAB80056301D /* main.m */; };
		A5B507392A2CBAB80056301D /* cell___Tests.m in Sources */ = {isa = PBXBuildFile; fileRef = A5B507382A2CBAB80056301D /* cell___Tests.m */; };
		A5B507432A2CBAB80056301D /* cell___UITests.m in Sources */ = {isa = PBXBuildFile; fileRef = A5B507422A2CBAB80056301D /* cell___UITests.m */; };
		A5B507452A2CBAB80056301D /* cell___UITestsLaunchTests.m in Sources */ = {isa = PBXBuildFile; fileRef = A5B507442A2CBAB80056301D /* cell___UITestsLaunchTests.m */; };
		A5B507592A2CC5D70056301D /* xmy2.jpg in Resources */ = {isa = PBXBuildFile; fileRef = A5B507512A2CC5D70056301D /* xmy2.jpg */; };
		A5B5075A2A2CC5D70056301D /* xmy5.jpg in Resources */ = {isa = PBXBuildFile; fileRef = A5B507522A2CC5D70056301D /* xmy5.jpg */; };
		A5B5075B2A2CC5D70056301D /* xmy6.jpg in Resources */ = {isa = PBXBuildFile; fileRef = A5B507532A2CC5D70056301D /* xmy6.jpg */; };
		A5B5075C2A2CC5D70056301D /* xmy1.jpg in Resources */ = {isa = PBXBuildFile; fileRef = A5B507542A2CC5D70056301D /* xmy1.jpg */; };
		A5B5075D2A2CC5D70056301D /* xmy3.jpg in Resources */ = {isa = PBXBuildFile; fileRef = A5B507552A2CC5D70056301D /* xmy3.jpg */; };
		A5B5075E2A2CC5D70056301D /* xmy4.jpg in Resources */ = {isa = PBXBuildFile; fileRef = A5B507562A2CC5D70056301D /* xmy4.jpg */; };
		A5B5075F2A2CC5D70056301D /* xmy7.jpg in Resources */ = {isa = PBXBuildFile; fileRef = A5B507572A2CC5D70056301D /* xmy7.jpg */; };
		A5B507602A2CC5D70056301D /* xmy8.jpg in Resources */ = {isa = PBXBuildFile; fileRef = A5B507582A2CC5D70056301D /* xmy8.jpg */; };
		A5B507692A2E0F3A0056301D /* MyTableViewCell.m in Sources */ = {isa = PBXBuildFile; fileRef = A5B507682A2E0F3A0056301D /* MyTableViewCell.m */; };
		A5B5076C2A2F49190056301D /* TableViewCell.m in Sources */ = {isa = PBXBuildFile; fileRef = A5B5076B2A2F49190056301D /* TableViewCell.m */; };
/* End PBXBuildFile section */

/* Begin PBXContainerItemProxy section */
		A5B507352A2CBAB80056301D /* PBXContainerItemProxy */ = {
			isa = PBXContainerItemProxy;
			containerPortal = A5B507112A2CBAB60056301D /* Project object */;
			proxyType = 1;
			remoteGlobalIDString = A5B507182A2CBAB60056301D;
			remoteInfo = "cell的复用";
		};
		A5B5073F2A2CBAB80056301D /* PBXContainerItemProxy */ = {
			isa = PBXContainerItemProxy;
			containerPortal = A5B507112A2CBAB60056301D /* Project object */;
			proxyType = 1;
			remoteGlobalIDString = A5B507182A2CBAB60056301D;
			remoteInfo = "cell的复用";
		};
/* End PBXContainerItemProxy section */

/* Begin PBXFileReference section */
		A5B507192A2CBAB60056301D /* cell的复用.app */ = {isa = PBXFileReference; explicitFileType = wrapper.application; includeInIndex = 0; path = "cell的复用.app"; sourceTree = BUILT_PRODUCTS_DIR; };
		A5B5071C2A2CBAB60056301D /* AppDelegate.h */ = {isa = PBXFileReference; lastKnownFileType = sourcecode.c.h; path = AppDelegate.h; sourceTree = "<group>"; };
		A5B5071D2A2CBAB60056301D /* AppDelegate.m */ = {isa = PBXFileReference; lastKnownFileType = sourcecode.c.objc; path = AppDelegate.m; sourceTree = "<group>"; };
		A5B5071F2A2CBAB60056301D /* SceneDelegate.h */ = {isa = PBXFileReference; lastKnownFileType = sourcecode.c.h; path = SceneDelegate.h; sourceTree = "<group>"; };
		A5B507202A2CBAB60056301D /* SceneDelegate.m */ = {isa = PBXFileReference; lastKnownFileType = sourcecode.c.objc; path = SceneDelegate.m; sourceTree = "<group>"; };
		A5B507222A2CBAB60056301D /* ViewController.h */ = {isa = PBXFileReference; lastKnownFileType = sourcecode.c.h; path = ViewController.h; sourceTree = "<group>"; };
		A5B507232A2CBAB60056301D /* ViewController.m */ = {isa = PBXFileReference; lastKnownFileType = sourcecode.c.objc; path = ViewController.m; sourceTree = "<group>"; };
		A5B507262A2CBAB60056301D /* Base */ = {isa = PBXFileReference; lastKnownFileType = file.storyboard; name = Base; path = Base.lproj/Main.storyboard; sourceTree = "<group>"; };
		A5B507282A2CBAB80056301D /* Assets.xcassets */ = {isa = PBXFileReference; lastKnownFileType = folder.assetcatalog; path = Assets.xcassets; sourceTree = "<group>"; };
		A5B5072B2A2CBAB80056301D /* Base */ = {isa = PBXFileReference; lastKnownFileType = file.storyboard; name = Base; path = Base.lproj/LaunchScreen.storyboard; sourceTree = "<group>"; };
		A5B5072D2A2CBAB80056301D /* Info.plist */ = {isa = PBXFileReference; lastKnownFileType = text.plist.xml; path = Info.plist; sourceTree = "<group>"; };
		A5B5072E2A2CBAB80056301D /* main.m */ = {isa = PBXFileReference; lastKnownFileType = sourcecode.c.objc; path = main.m; sourceTree = "<group>"; };
		A5B507342A2CBAB80056301D /* cell的复用Tests.xctest */ = {isa = PBXFileReference; explicitFileType = wrapper.cfbundle; includeInIndex = 0; path = "cell的复用Tests.xctest"; sourceTree = BUILT_PRODUCTS_DIR; };
		A5B507382A2CBAB80056301D /* cell___Tests.m */ = {isa = PBXFileReference; lastKnownFileType = sourcecode.c.objc; path = "cell___Tests.m"; sourceTree = "<group>"; };
		A5B5073E2A2CBAB80056301D /* cell的复用UITests.xctest */ = {isa = PBXFileReference; explicitFileType = wrapper.cfbundle; includeInIndex = 0; path = "cell的复用UITests.xctest"; sourceTree = BUILT_PRODUCTS_DIR; };
		A5B507422A2CBAB80056301D /* cell___UITests.m */ = {isa = PBXFileReference; lastKnownFileType = sourcecode.c.objc; path = "cell___UITests.m"; sourceTree = "<group>"; };
		A5B507442A2CBAB80056301D /* cell___UITestsLaunchTests.m */ = {isa = PBXFileReference; lastKnownFileType = sourcecode.c.objc; path = "cell___UITestsLaunchTests.m"; sourceTree = "<group>"; };
		A5B507512A2CC5D70056301D /* xmy2.jpg */ = {isa = PBXFileReference; lastKnownFileType = image.jpeg; name = xmy2.jpg; path = ../../Downloads/xmy2.jpg; sourceTree = "<group>"; };
		A5B507522A2CC5D70056301D /* xmy5.jpg */ = {isa = PBXFileReference; lastKnownFileType = image.jpeg; name = xmy5.jpg; path = ../../Downloads/xmy5.jpg; sourceTree = "<group>"; };
		A5B507532A2CC5D70056301D /* xmy6.jpg */ = {isa = PBXFileReference; lastKnownFileType = image.jpeg; name = xmy6.jpg; path = ../../Downloads/xmy6.jpg; sourceTree = "<group>"; };
		A5B507542A2CC5D70056301D /* xmy1.jpg */ = {isa = PBXFileReference; lastKnownFileType = image.jpeg; name = xmy1.jpg; path = ../../Downloads/xmy1.jpg; sourceTree = "<group>"; };
		A5B507552A2CC5D70056301D /* xmy3.jpg */ = {isa = PBXFileReference; lastKnownFileType = image.jpeg; name = xmy3.jpg; path = ../../Downloads/xmy3.jpg; sourceTree = "<group>"; };
		A5B507562A2CC5D70056301D /* xmy4.jpg */ = {isa = PBXFileReference; lastKnownFileType = image.jpeg; name = xmy4.jpg; path = ../../Downloads/xmy4.jpg; sourceTree = "<group>"; };
		A5B507572A2CC5D70056301D /* xmy7.jpg */ = {isa = PBXFileReference; lastKnownFileType = image.jpeg; name = xmy7.jpg; path = ../../Downloads/xmy7.jpg; sourceTree = "<group>"; };
		A5B507582A2CC5D70056301D /* xmy8.jpg */ = {isa = PBXFileReference; lastKnownFileType = image.jpeg; name = xmy8.jpg; path = ../../Downloads/xmy8.jpg; sourceTree = "<group>"; };
		A5B507672A2E0F3A0056301D /* MyTableViewCell.h */ = {isa = PBXFileReference; lastKnownFileType = sourcecode.c.h; path = MyTableViewCell.h; sourceTree = "<group>"; };
		A5B507682A2E0F3A0056301D /* MyTableViewCell.m */ = {isa = PBXFileReference; lastKnownFileType = sourcecode.c.objc; path = MyTableViewCell.m; sourceTree = "<group>"; };
		A5B5076A2A2F49190056301D /* TableViewCell.h */ = {isa = PBXFileReference; lastKnownFileType = sourcecode.c.h; path = TableViewCell.h; sourceTree = "<group>"; };
		A5B5076B2A2F49190056301D /* TableViewCell.m */ = {isa = PBXFileReference; lastKnownFileType = sourcecode.c.objc; path = TableViewCell.m; sourceTree = "<group>"; };
/* End PBXFileReference section */

/* Begin PBXFrameworksBuildPhase section */
		A5B507162A2CBAB60056301D /* Frameworks */ = {
			isa = PBXFrameworksBuildPhase;
			buildActionMask = 2147483647;
			files = (
			);
			runOnlyForDeploymentPostprocessing = 0;
		};
		A5B507312A2CBAB80056301D /* Frameworks */ = {
			isa = PBXFrameworksBuildPhase;
			buildActionMask = 2147483647;
			files = (
			);
			runOnlyForDeploymentPostprocessing = 0;
		};
		A5B5073B2A2CBAB80056301D /* Frameworks */ = {
			isa = PBXFrameworksBuildPhase;
			buildActionMask = 2147483647;
			files = (
			);
			runOnlyForDeploymentPostprocessing = 0;
		};
/* End PBXFrameworksBuildPhase section */

/* Begin PBXGroup section */
		A5B507102A2CBAB60056301D = {
			isa = PBXGroup;
			children = (
				A5B507542A2CC5D70056301D /* xmy1.jpg */,
				A5B507512A2CC5D70056301D /* xmy2.jpg */,
				A5B507552A2CC5D70056301D /* xmy3.jpg */,
				A5B507562A2CC5D70056301D /* xmy4.jpg */,
				A5B507522A2CC5D70056301D /* xmy5.jpg */,
				A5B507532A2CC5D70056301D /* xmy6.jpg */,
				A5B507572A2CC5D70056301D /* xmy7.jpg */,
				A5B507582A2CC5D70056301D /* xmy8.jpg */,
				A5B5071B2A2CBAB60056301D /* cell的复用 */,
				A5B507372A2CBAB80056301D /* cell的复用Tests */,
				A5B507412A2CBAB80056301D /* cell的复用UITests */,
				A5B5071A2A2CBAB60056301D /* Products */,
			);
			sourceTree = "<group>";
		};
		A5B5071A2A2CBAB60056301D /* Products */ = {
			isa = PBXGroup;
			children = (
				A5B507192A2CBAB60056301D /* cell的复用.app */,
				A5B507342A2CBAB80056301D /* cell的复用Tests.xctest */,
				A5B5073E2A2CBAB80056301D /* cell的复用UITests.xctest */,
			);
			name = Products;
			sourceTree = "<group>";
		};
		A5B5071B2A2CBAB60056301D /* cell的复用 */ = {
			isa = PBXGroup;
			children = (
				A5B5071C2A2CBAB60056301D /* AppDelegate.h */,
				A5B5071D2A2CBAB60056301D /* AppDelegate.m */,
				A5B5071F2A2CBAB60056301D /* SceneDelegate.h */,
				A5B507202A2CBAB60056301D /* SceneDelegate.m */,
				A5B507222A2CBAB60056301D /* ViewController.h */,
				A5B507232A2CBAB60056301D /* ViewController.m */,
				A5B5076A2A2F49190056301D /* TableViewCell.h */,
				A5B5076B2A2F49190056301D /* TableViewCell.m */,
				A5B507672A2E0F3A0056301D /* MyTableViewCell.h */,
				A5B507682A2E0F3A0056301D /* MyTableViewCell.m */,
				A5B507252A2CBAB60056301D /* Main.storyboard */,
				A5B507282A2CBAB80056301D /* Assets.xcassets */,
				A5B5072A2A2CBAB80056301D /* LaunchScreen.storyboard */,
				A5B5072D2A2CBAB80056301D /* Info.plist */,
				A5B5072E2A2CBAB80056301D /* main.m */,
			);
			path = "cell的复用";
			sourceTree = "<group>";
		};
		A5B507372A2CBAB80056301D /* cell的复用Tests */ = {
			isa = PBXGroup;
			children = (
				A5B507382A2CBAB80056301D /* cell___Tests.m */,
			);
			path = "cell的复用Tests";
			sourceTree = "<group>";
		};
		A5B507412A2CBAB80056301D /* cell的复用UITests */ = {
			isa = PBXGroup;
			children = (
				A5B507422A2CBAB80056301D /* cell___UITests.m */,
				A5B507442A2CBAB80056301D /* cell___UITestsLaunchTests.m */,
			);
			path = "cell的复用UITests";
			sourceTree = "<group>";
		};
/* End PBXGroup section */

/* Begin PBXNativeTarget section */
		A5B507182A2CBAB60056301D /* cell的复用 */ = {
			isa = PBXNativeTarget;
			buildConfigurationList = A5B507482A2CBAB80056301D /* Build configuration list for PBXNativeTarget "cell的复用" */;
			buildPhases = (
				A5B507152A2CBAB60056301D /* Sources */,
				A5B507162A2CBAB60056301D /* Frameworks */,
				A5B507172A2CBAB60056301D /* Resources */,
			);
			buildRules = (
			);
			dependencies = (
			);
			name = "cell的复用";
			productName = "cell的复用";
			productReference = A5B507192A2CBAB60056301D /* cell的复用.app */;
			productType = "com.apple.product-type.application";
		};
		A5B507332A2CBAB80056301D /* cell的复用Tests */ = {
			isa = PBXNativeTarget;
			buildConfigurationList = A5B5074B2A2CBAB80056301D /* Build configuration list for PBXNativeTarget "cell的复用Tests" */;
			buildPhases = (
				A5B507302A2CBAB80056301D /* Sources */,
				A5B507312A2CBAB80056301D /* Frameworks */,
				A5B507322A2CBAB80056301D /* Resources */,
			);
			buildRules = (
			);
			dependencies = (
				A5B507362A2CBAB80056301D /* PBXTargetDependency */,
			);
			name = "cell的复用Tests";
			productName = "cell的复用Tests";
			productReference = A5B507342A2CBAB80056301D /* cell的复用Tests.xctest */;
			productType = "com.apple.product-type.bundle.unit-test";
		};
		A5B5073D2A2CBAB80056301D /* cell的复用UITests */ = {
			isa = PBXNativeTarget;
			buildConfigurationList = A5B5074E2A2CBAB80056301D /* Build configuration list for PBXNativeTarget "cell的复用UITests" */;
			buildPhases = (
				A5B5073A2A2CBAB80056301D /* Sources */,
				A5B5073B2A2CBAB80056301D /* Frameworks */,
				A5B5073C2A2CBAB80056301D /* Resources */,
			);
			buildRules = (
			);
			dependencies = (
				A5B507402A2CBAB80056301D /* PBXTargetDependency */,
			);
			name = "cell的复用UITests";
			productName = "cell的复用UITests";
			productReference = A5B5073E2A2CBAB80056301D /* cell的复用UITests.xctest */;
			productType = "com.apple.product-type.bundle.ui-testing";
		};
/* End PBXNativeTarget section */

/* Begin PBXProject section */
		A5B507112A2CBAB60056301D /* Project object */ = {
			isa = PBXProject;
			attributes = {
				BuildIndependentTargetsInParallel = 1;
				LastUpgradeCheck = 1430;
				TargetAttributes = {
					A5B507182A2CBAB60056301D = {
						CreatedOnToolsVersion = 14.3;
					};
					A5B507332A2CBAB80056301D = {
						CreatedOnToolsVersion = 14.3;
						TestTargetID = A5B507182A2CBAB60056301D;
					};
					A5B5073D2A2CBAB80056301D = {
						CreatedOnToolsVersion = 14.3;
						TestTargetID = A5B507182A2CBAB60056301D;
					};
				};
			};
			buildConfigurationList = A5B507142A2CBAB60056301D /* Build configuration list for PBXProject "cell的复用" */;
			compatibilityVersion = "Xcode 14.0";
			developmentRegion = en;
			hasScannedForEncodings = 0;
			knownRegions = (
				en,
				Base,
			);
			mainGroup = A5B507102A2CBAB60056301D;
			productRefGroup = A5B5071A2A2CBAB60056301D /* Products */;
			projectDirPath = "";
			projectRoot = "";
			targets = (
				A5B507182A2CBAB60056301D /* cell的复用 */,
				A5B507332A2CBAB80056301D /* cell的复用Tests */,
				A5B5073D2A2CBAB80056301D /* cell的复用UITests */,
			);
		};
/* End PBXProject section */

/* Begin PBXResourcesBuildPhase section */
		A5B507172A2CBAB60056301D /* Resources */ = {
			isa = PBXResourcesBuildPhase;
			buildActionMask = 2147483647;
			files = (
				A5B5075D2A2CC5D70056301D /* xmy3.jpg in Resources */,
				A5B5072C2A2CBAB80056301D /* LaunchScreen.storyboard in Resources */,
				A5B5075C2A2CC5D70056301D /* xmy1.jpg in Resources */,
				A5B5075B2A2CC5D70056301D /* xmy6.jpg in Resources */,
				A5B507602A2CC5D70056301D /* xmy8.jpg in Resources */,
				A5B5075E2A2CC5D70056301D /* xmy4.jpg in Resources */,
				A5B5075A2A2CC5D70056301D /* xmy5.jpg in Resources */,
				A5B5075F2A2CC5D70056301D /* xmy7.jpg in Resources */,
				A5B507292A2CBAB80056301D /* Assets.xcassets in Resources */,
				A5B507272A2CBAB60056301D /* Main.storyboard in Resources */,
				A5B507592A2CC5D70056301D /* xmy2.jpg in Resources */,
			);
			runOnlyForDeploymentPostprocessing = 0;
		};
		A5B507322A2CBAB80056301D /* Resources */ = {
			isa = PBXResourcesBuildPhase;
			buildActionMask = 2147483647;
			files = (
			);
			runOnlyForDeploymentPostprocessing = 0;
		};
		A5B5073C2A2CBAB80056301D /* Resources */ = {
			isa = PBXResourcesBuildPhase;
			buildActionMask = 2147483647;
			files = (
			);
			runOnlyForDeploymentPostprocessing = 0;
		};
/* End PBXResourcesBuildPhase section */

/* Begin PBXSourcesBuildPhase section */
		A5B507152A2CBAB60056301D /* Sources */ = {
			isa = PBXSourcesBuildPhase;
			buildActionMask = 2147483647;
			files = (
				A5B507242A2CBAB60056301D /* ViewController.m in Sources */,
				A5B5076C2A2F49190056301D /* TableViewCell.m in Sources */,
				A5B5071E2A2CBAB60056301D /* AppDelegate.m in Sources */,
				A5B5072F2A2CBAB80056301D /* main.m in Sources */,
				A5B507212A2CBAB60056301D /* SceneDelegate.m in Sources */,
				A5B507692A2E0F3A0056301D /* MyTableViewCell.m in Sources */,
			);
			runOnlyForDeploymentPostprocessing = 0;
		};
		A5B507302A2CBAB80056301D /* Sources */ = {
			isa = PBXSourcesBuildPhase;
			buildActionMask = 2147483647;
			files = (
				A5B507392A2CBAB80056301D /* cell___Tests.m in Sources */,
			);
			runOnlyForDeploymentPostprocessing = 0;
		};
		A5B5073A2A2CBAB80056301D /* Sources */ = {
			isa = PBXSourcesBuildPhase;
			buildActionMask = 2147483647;
			files = (
				A5B507452A2CBAB80056301D /* cell___UITestsLaunchTests.m in Sources */,
				A5B507432A2CBAB80056301D /* cell___UITests.m in Sources */,
			);
			runOnlyForDeploymentPostprocessing = 0;
		};
/* End PBXSourcesBuildPhase section */

/* Begin PBXTargetDependency section */
		A5B507362A2CBAB80056301D /* PBXTargetDependency */ = {
			isa = PBXTargetDependency;
			target = A5B507182A2CBAB60056301D /* cell的复用 */;
			targetProxy = A5B507352A2CBAB80056301D /* PBXContainerItemProxy */;
		};
		A5B507402A2CBAB80056301D /* PBXTargetDependency */ = {
			isa = PBXTargetDependency;
			target = A5B507182A2CBAB60056301D /* cell的复用 */;
			targetProxy = A5B5073F2A2CBAB80056301D /* PBXContainerItemProxy */;
		};
/* End PBXTargetDependency section */

/* Begin PBXVariantGroup section */
		A5B507252A2CBAB60056301D /* Main.storyboard */ = {
			isa = PBXVariantGroup;
			children = (
				A5B507262A2CBAB60056301D /* Base */,
			);
			name = Main.storyboard;
			sourceTree = "<group>";
		};
		A5B5072A2A2CBAB80056301D /* LaunchScreen.storyboard */ = {
			isa = PBXVariantGroup;
			children = (
				A5B5072B2A2CBAB80056301D /* Base */,
			);
			name = LaunchScreen.storyboard;
			sourceTree = "<group>";
		};
/* End PBXVariantGroup section */

/* Begin XCBuildConfiguration section */
		A5B507462A2CBAB80056301D /* Debug */ = {
			isa = XCBuildConfiguration;
			buildSettings = {
				ALWAYS_SEARCH_USER_PATHS = NO;
				CLANG_ANALYZER_NONNULL = YES;
				CLANG_ANALYZER_NUMBER_OBJECT_CONVERSION = YES_AGGRESSIVE;
				CLANG_CXX_LANGUAGE_STANDARD = "gnu++20";
				CLANG_ENABLE_MODULES = YES;
				CLANG_ENABLE_OBJC_ARC = YES;
				CLANG_ENABLE_OBJC_WEAK = YES;
				CLANG_WARN_BLOCK_CAPTURE_AUTORELEASING = YES;
				CLANG_WARN_BOOL_CONVERSION = YES;
				CLANG_WARN_COMMA = YES;
				CLANG_WARN_CONSTANT_CONVERSION = YES;
				CLANG_WARN_DEPRECATED_OBJC_IMPLEMENTATIONS = YES;
				CLANG_WARN_DIRECT_OBJC_ISA_USAGE = YES_ERROR;
				CLANG_WARN_DOCUMENTATION_COMMENTS = YES;
				CLANG_WARN_EMPTY_BODY = YES;
				CLANG_WARN_ENUM_CONVERSION = YES;
				CLANG_WARN_INFINITE_RECURSION = YES;
				CLANG_WARN_INT_CONVERSION = YES;
				CLANG_WARN_NON_LITERAL_NULL_CONVERSION = YES;
				CLANG_WARN_OBJC_IMPLICIT_RETAIN_SELF = YES;
				CLANG_WARN_OBJC_LITERAL_CONVERSION = YES;
				CLANG_WARN_OBJC_ROOT_CLASS = YES_ERROR;
				CLANG_WARN_QUOTED_INCLUDE_IN_FRAMEWORK_HEADER = YES;
				CLANG_WARN_RANGE_LOOP_ANALYSIS = YES;
				CLANG_WARN_STRICT_PROTOTYPES = YES;
				CLANG_WARN_SUSPICIOUS_MOVE = YES;
				CLANG_WARN_UNGUARDED_AVAILABILITY = YES_AGGRESSIVE;
				CLANG_WARN_UNREACHABLE_CODE = YES;
				CLANG_WARN__DUPLICATE_METHOD_MATCH = YES;
				COPY_PHASE_STRIP = NO;
				DEBUG_INFORMATION_FORMAT = dwarf;
				ENABLE_STRICT_OBJC_MSGSEND = YES;
				ENABLE_TESTABILITY = YES;
				GCC_C_LANGUAGE_STANDARD = gnu11;
				GCC_DYNAMIC_NO_PIC = NO;
				GCC_NO_COMMON_BLOCKS = YES;
				GCC_OPTIMIZATION_LEVEL = 0;
				GCC_PREPROCESSOR_DEFINITIONS = (
					"DEBUG=1",
					"$(inherited)",
				);
				GCC_WARN_64_TO_32_BIT_CONVERSION = YES;
				GCC_WARN_ABOUT_RETURN_TYPE = YES_ERROR;
				GCC_WARN_UNDECLARED_SELECTOR = YES;
				GCC_WARN_UNINITIALIZED_AUTOS = YES_AGGRESSIVE;
				GCC_WARN_UNUSED_FUNCTION = YES;
				GCC_WARN_UNUSED_VARIABLE = YES;
				IPHONEOS_DEPLOYMENT_TARGET = 16.4;
				MTL_ENABLE_DEBUG_INFO = INCLUDE_SOURCE;
				MTL_FAST_MATH = YES;
				ONLY_ACTIVE_ARCH = YES;
				SDKROOT = iphoneos;
			};
			name = Debug;
		};
		A5B507472A2CBAB80056301D /* Release */ = {
			isa = XCBuildConfiguration;
			buildSettings = {
				ALWAYS_SEARCH_USER_PATHS = NO;
				CLANG_ANALYZER_NONNULL = YES;
				CLANG_ANALYZER_NUMBER_OBJECT_CONVERSION = YES_AGGRESSIVE;
				CLANG_CXX_LANGUAGE_STANDARD = "gnu++20";
				CLANG_ENABLE_MODULES = YES;
				CLANG_ENABLE_OBJC_ARC = YES;
				CLANG_ENABLE_OBJC_WEAK = YES;
				CLANG_WARN_BLOCK_CAPTURE_AUTORELEASING = YES;
				CLANG_WARN_BOOL_CONVERSION = YES;
				CLANG_WARN_COMMA = YES;
				CLANG_WARN_CONSTANT_CONVERSION = YES;
				CLANG_WARN_DEPRECATED_OBJC_IMPLEMENTATIONS = YES;
				CLANG_WARN_DIRECT_OBJC_ISA_USAGE = YES_ERROR;
				CLANG_WARN_DOCUMENTATION_COMMENTS = YES;
				CLANG_WARN_EMPTY_BODY = YES;
				CLANG_WARN_ENUM_CONVERSION = YES;
				CLANG_WARN_INFINITE_RECURSION = YES;
				CLANG_WARN_INT_CONVERSION = YES;
				CLANG_WARN_NON_LITERAL_NULL_CONVERSION = YES;
				CLANG_WARN_OBJC_IMPLICIT_RETAIN_SELF = YES;
				CLANG_WARN_OBJC_LITERAL_CONVERSION = YES;
				CLANG_WARN_OBJC_ROOT_CLASS = YES_ERROR;
				CLANG_WARN_QUOTED_INCLUDE_IN_FRAMEWORK_HEADER = YES;
				CLANG_WARN_RANGE_LOOP_ANALYSIS = YES;
				CLANG_WARN_STRICT_PROTOTYPES = YES;
				CLANG_WARN_SUSPICIOUS_MOVE = YES;
				CLANG_WARN_UNGUARDED_AVAILABILITY = YES_AGGRESSIVE;
				CLANG_WARN_UNREACHABLE_CODE = YES;
				CLANG_WARN__DUPLICATE_METHOD_MATCH = YES;
				COPY_PHASE_STRIP = NO;
				DEBUG_INFORMATION_FORMAT = "dwarf-with-dsym";
				ENABLE_NS_ASSERTIONS = NO;
				ENABLE_STRICT_OBJC_MSGSEND = YES;
				GCC_C_LANGUAGE_STANDARD = gnu11;
				GCC_NO_COMMON_BLOCKS = YES;
				GCC_WARN_64_TO_32_BIT_CONVERSION = YES;
				GCC_WARN_ABOUT_RETURN_TYPE = YES_ERROR;
				GCC_WARN_UNDECLARED_SELECTOR = YES;
				GCC_WARN_UNINITIALIZED_AUTOS = YES_AGGRESSIVE;
				GCC_WARN_UNUSED_FUNCTION = YES;
				GCC_WARN_UNUSED_VARIABLE = YES;
				IPHONEOS_DEPLOYMENT_TARGET = 16.4;
				MTL_ENABLE_DEBUG_INFO = NO;
				MTL_FAST_MATH = YES;
				SDKROOT = iphoneos;
				VALIDATE_PRODUCT = YES;
			};
			name = Release;
		};
		A5B507492A2CBAB80056301D /* Debug */ = {
			isa = XCBuildConfiguration;
			buildSettings = {
				ASSETCATALOG_COMPILER_APPICON_NAME = AppIcon;
				ASSETCATALOG_COMPILER_GLOBAL_ACCENT_COLOR_NAME = AccentColor;
				CODE_SIGN_STYLE = Automatic;
				CURRENT_PROJECT_VERSION = 1;
				GENERATE_INFOPLIST_FILE = YES;
				INFOPLIST_FILE = "cell的复用/Info.plist";
				INFOPLIST_KEY_UIApplicationSupportsIndirectInputEvents = YES;
				INFOPLIST_KEY_UILaunchStoryboardName = LaunchScreen;
				INFOPLIST_KEY_UIMainStoryboardFile = Main;
				INFOPLIST_KEY_UISupportedInterfaceOrientations_iPad = "UIInterfaceOrientationPortrait UIInterfaceOrientationPortraitUpsideDown UIInterfaceOrientationLandscapeLeft UIInterfaceOrientationLandscapeRight";
				INFOPLIST_KEY_UISupportedInterfaceOrientations_iPhone = "UIInterfaceOrientationPortrait UIInterfaceOrientationLandscapeLeft UIInterfaceOrientationLandscapeRight";
				LD_RUNPATH_SEARCH_PATHS = (
					"$(inherited)",
					"@executable_path/Frameworks",
				);
				MARKETING_VERSION = 1.0;
				PRODUCT_BUNDLE_IDENTIFIER = "xuan.cell---";
				PRODUCT_NAME = "$(TARGET_NAME)";
				SWIFT_EMIT_LOC_STRINGS = YES;
				TARGETED_DEVICE_FAMILY = "1,2";
			};
			name = Debug;
		};
		A5B5074A2A2CBAB80056301D /* Release */ = {
			isa = XCBuildConfiguration;
			buildSettings = {
				ASSETCATALOG_COMPILER_APPICON_NAME = AppIcon;
				ASSETCATALOG_COMPILER_GLOBAL_ACCENT_COLOR_NAME = AccentColor;
				CODE_SIGN_STYLE = Automatic;
				CURRENT_PROJECT_VERSION = 1;
				GENERATE_INFOPLIST_FILE = YES;
				INFOPLIST_FILE = "cell的复用/Info.plist";
				INFOPLIST_KEY_UIApplicationSupportsIndirectInputEvents = YES;
				INFOPLIST_KEY_UILaunchStoryboardName = LaunchScreen;
				INFOPLIST_KEY_UIMainStoryboardFile = Main;
				INFOPLIST_KEY_UISupportedInterfaceOrientations_iPad = "UIInterfaceOrientationPortrait UIInterfaceOrientationPortraitUpsideDown UIInterfaceOrientationLandscapeLeft UIInterfaceOrientationLandscapeRight";
				INFOPLIST_KEY_UISupportedInterfaceOrientations_iPhone = "UIInterfaceOrientationPortrait UIInterfaceOrientationLandscapeLeft UIInterfaceOrientationLandscapeRight";
				LD_RUNPATH_SEARCH_PATHS = (
					"$(inherited)",
					"@executable_path/Frameworks",
				);
				MARKETING_VERSION = 1.0;
				PRODUCT_BUNDLE_IDENTIFIER = "xuan.cell---";
				PRODUCT_NAME = "$(TARGET_NAME)";
				SWIFT_EMIT_LOC_STRINGS = YES;
				TARGETED_DEVICE_FAMILY = "1,2";
			};
			name = Release;
		};
		A5B5074C2A2CBAB80056301D /* Debug */ = {
			isa = XCBuildConfiguration;
			buildSettings = {
				BUNDLE_LOADER = "$(TEST_HOST)";
				CODE_SIGN_STYLE = Automatic;
				CURRENT_PROJECT_VERSION = 1;
				GENERATE_INFOPLIST_FILE = YES;
				IPHONEOS_DEPLOYMENT_TARGET = 16.4;
				MARKETING_VERSION = 1.0;
				PRODUCT_BUNDLE_IDENTIFIER = "xuan.cell---Tests";
				PRODUCT_NAME = "$(TARGET_NAME)";
				SWIFT_EMIT_LOC_STRINGS = NO;
				TARGETED_DEVICE_FAMILY = "1,2";
				TEST_HOST = "$(BUILT_PRODUCTS_DIR)/cell的复用.app/$(BUNDLE_EXECUTABLE_FOLDER_PATH)/cell的复用";
			};
			name = Debug;
		};
		A5B5074D2A2CBAB80056301D /* Release */ = {
			isa = XCBuildConfiguration;
			buildSettings = {
				BUNDLE_LOADER = "$(TEST_HOST)";
				CODE_SIGN_STYLE = Automatic;
				CURRENT_PROJECT_VERSION = 1;
				GENERATE_INFOPLIST_FILE = YES;
				IPHONEOS_DEPLOYMENT_TARGET = 16.4;
				MARKETING_VERSION = 1.0;
				PRODUCT_BUNDLE_IDENTIFIER = "xuan.cell---Tests";
				PRODUCT_NAME = "$(TARGET_NAME)";
				SWIFT_EMIT_LOC_STRINGS = NO;
				TARGETED_DEVICE_FAMILY = "1,2";
				TEST_HOST = "$(BUILT_PRODUCTS_DIR)/cell的复用.app/$(BUNDLE_EXECUTABLE_FOLDER_PATH)/cell的复用";
			};
			name = Release;
		};
		A5B5074F2A2CBAB80056301D /* Debug */ = {
			isa = XCBuildConfiguration;
			buildSettings = {
				CODE_SIGN_STYLE = Automatic;
				CURRENT_PROJECT_VERSION = 1;
				GENERATE_INFOPLIST_FILE = YES;
				MARKETING_VERSION = 1.0;
				PRODUCT_BUNDLE_IDENTIFIER = "xuan.cell---UITests";
				PRODUCT_NAME = "$(TARGET_NAME)";
				SWIFT_EMIT_LOC_STRINGS = NO;
				TARGETED_DEVICE_FAMILY = "1,2";
				TEST_TARGET_NAME = "cell的复用";
			};
			name = Debug;
		};
		A5B507502A2CBAB80056301D /* Release */ = {
			isa = XCBuildConfiguration;
			buildSettings = {
				CODE_SIGN_STYLE = Automatic;
				CURRENT_PROJECT_VERSION = 1;
				GENERATE_INFOPLIST_FILE = YES;
				MARKETING_VERSION = 1.0;
				PRODUCT_BUNDLE_IDENTIFIER = "xuan.cell---UITests";
				PRODUCT_NAME = "$(TARGET_NAME)";
				SWIFT_EMIT_LOC_STRINGS = NO;
				TARGETED_DEVICE_FAMILY = "1,2";
				TEST_TARGET_NAME = "cell的复用";
			};
			name = Release;
		};
/* End XCBuildConfiguration section */

/* Begin XCConfigurationList section */
		A5B507142A2CBAB60056301D /* Build configuration list for PBXProject "cell的复用" */ = {
			isa = XCConfigurationList;
			buildConfigurations = (
				A5B507462A2CBAB80056301D /* Debug */,
				A5B507472A2CBAB80056301D /* Release */,
			);
			defaultConfigurationIsVisible = 0;
			defaultConfigurationName = Release;
		};
		A5B507482A2CBAB80056301D /* Build configuration list for PBXNativeTarget "cell的复用" */ = {
			isa = XCConfigurationList;
			buildConfigurations = (
				A5B507492A2CBAB80056301D /* Debug */,
				A5B5074A2A2CBAB80056301D /* Release */,
			);
			defaultConfigurationIsVisible = 0;
			defaultConfigurationName = Release;
		};
		A5B5074B2A2CBAB80056301D /* Build configuration list for PBXNativeTarget "cell的复用Tests" */ = {
			isa = XCConfigurationList;
			buildConfigurations = (
				A5B5074C2A2CBAB80056301D /* Debug */,
				A5B5074D2A2CBAB80056301D /* Release */,
			);
			defaultConfigurationIsVisible = 0;
			defaultConfigurationName = Release;
		};
		A5B5074E2A2CBAB80056301D /* Build configuration list for PBXNativeTarget "cell的复用UITests" */ = {
			isa = XCConfigurationList;
			buildConfigurations = (
				A5B5074F2A2CBAB80056301D /* Debug */,
				A5B507502A2CBAB80056301D /* Release */,
			);
			defaultConfigurationIsVisible = 0;
			defaultConfigurationName = Release;
		};
/* End XCConfigurationList section */
	};
	rootObject = A5B507112A2CBAB60056301D /* Project object */;
}
