// !$*UTF8*$!
{
	archiveVersion = 1;
	classes = {
	};
	objectVersion = 56;
	objects = {

/* Begin PBXBuildFile section */
		A56EC7122A05310000A9757C /* main.m in Sources */ = {isa = PBXBuildFile; fileRef = A56EC7112A05310000A9757C /* main.m */; };
		A56EC71A2A05319C00A9757C /* FKDog.m in Sources */ = {isa = PBXBuildFile; fileRef = A56EC7192A05319C00A9757C /* FKDog.m */; };
		A56EC71D2A05335300A9757C /* FKItem.m in Sources */ = {isa = PBXBuildFile; fileRef = A56EC71C2A05335300A9757C /* FKItem.m */; };
		A56EC7202A05357400A9757C /* FKPerson.m in Sources */ = {isa = PBXBuildFile; fileRef = A56EC71F2A05357400A9757C /* FKPerson.m */; };
/* End PBXBuildFile section */

/* Begin PBXCopyFilesBuildPhase section */
		A56EC70C2A05310000A9757C /* CopyFiles */ = {
			isa = PBXCopyFilesBuildPhase;
			buildActionMask = 2147483647;
			dstPath = /usr/share/man/man1/;
			dstSubfolderSpec = 0;
			files = (
			);
			runOnlyForDeploymentPostprocessing = 1;
		};
/* End PBXCopyFilesBuildPhase section */

/* Begin PBXFileReference section */
		A56EC70E2A05310000A9757C /* isEqual */ = {isa = PBXFileReference; explicitFileType = "compiled.mach-o.executable"; includeInIndex = 0; path = isEqual; sourceTree = BUILT_PRODUCTS_DIR; };
		A56EC7112A05310000A9757C /* main.m */ = {isa = PBXFileReference; lastKnownFileType = sourcecode.c.objc; path = main.m; sourceTree = "<group>"; };
		A56EC7182A05319C00A9757C /* FKDog.h */ = {isa = PBXFileReference; lastKnownFileType = sourcecode.c.h; path = FKDog.h; sourceTree = "<group>"; };
		A56EC7192A05319C00A9757C /* FKDog.m */ = {isa = PBXFileReference; lastKnownFileType = sourcecode.c.objc; path = FKDog.m; sourceTree = "<group>"; };
		A56EC71B2A05335300A9757C /* FKItem.h */ = {isa = PBXFileReference; lastKnownFileType = sourcecode.c.h; path = FKItem.h; sourceTree = "<group>"; };
		A56EC71C2A05335300A9757C /* FKItem.m */ = {isa = PBXFileReference; lastKnownFileType = sourcecode.c.objc; path = FKItem.m; sourceTree = "<group>"; };
		A56EC71E2A05357400A9757C /* FKPerson.h */ = {isa = PBXFileReference; lastKnownFileType = sourcecode.c.h; path = FKPerson.h; sourceTree = "<group>"; };
		A56EC71F2A05357400A9757C /* FKPerson.m */ = {isa = PBXFileReference; lastKnownFileType = sourcecode.c.objc; path = FKPerson.m; sourceTree = "<group>"; };
/* End PBXFileReference section */

/* Begin PBXFrameworksBuildPhase section */
		A56EC70B2A05310000A9757C /* Frameworks */ = {
			isa = PBXFrameworksBuildPhase;
			buildActionMask = 2147483647;
			files = (
			);
			runOnlyForDeploymentPostprocessing = 0;
		};
/* End PBXFrameworksBuildPhase section */

/* Begin PBXGroup section */
		A56EC7052A05310000A9757C = {
			isa = PBXGroup;
			children = (
				A56EC7102A05310000A9757C /* isEqual */,
				A56EC70F2A05310000A9757C /* Products */,
			);
			sourceTree = "<group>";
		};
		A56EC70F2A05310000A9757C /* Products */ = {
			isa = PBXGroup;
			children = (
				A56EC70E2A05310000A9757C /* isEqual */,
			);
			name = Products;
			sourceTree = "<group>";
		};
		A56EC7102A05310000A9757C /* isEqual */ = {
			isa = PBXGroup;
			children = (
				A56EC7112A05310000A9757C /* main.m */,
				A56EC7182A05319C00A9757C /* FKDog.h */,
				A56EC7192A05319C00A9757C /* FKDog.m */,
				A56EC71B2A05335300A9757C /* FKItem.h */,
				A56EC71C2A05335300A9757C /* FKItem.m */,
				A56EC71E2A05357400A9757C /* FKPerson.h */,
				A56EC71F2A05357400A9757C /* FKPerson.m */,
			);
			path = isEqual;
			sourceTree = "<group>";
		};
/* End PBXGroup section */

/* Begin PBXNativeTarget section */
		A56EC70D2A05310000A9757C /* isEqual */ = {
			isa = PBXNativeTarget;
			buildConfigurationList = A56EC7152A05310000A9757C /* Build configuration list for PBXNativeTarget "isEqual" */;
			buildPhases = (
				A56EC70A2A05310000A9757C /* Sources */,
				A56EC70B2A05310000A9757C /* Frameworks */,
				A56EC70C2A05310000A9757C /* CopyFiles */,
			);
			buildRules = (
			);
			dependencies = (
			);
			name = isEqual;
			productName = isEqual;
			productReference = A56EC70E2A05310000A9757C /* isEqual */;
			productType = "com.apple.product-type.tool";
		};
/* End PBXNativeTarget section */

/* Begin PBXProject section */
		A56EC7062A05310000A9757C /* Project object */ = {
			isa = PBXProject;
			attributes = {
				BuildIndependentTargetsInParallel = 1;
				LastUpgradeCheck = 1430;
				TargetAttributes = {
					A56EC70D2A05310000A9757C = {
						CreatedOnToolsVersion = 14.3;
					};
				};
			};
			buildConfigurationList = A56EC7092A05310000A9757C /* Build configuration list for PBXProject "isEqual" */;
			compatibilityVersion = "Xcode 14.0";
			developmentRegion = en;
			hasScannedForEncodings = 0;
			knownRegions = (
				en,
				Base,
			);
			mainGroup = A56EC7052A05310000A9757C;
			productRefGroup = A56EC70F2A05310000A9757C /* Products */;
			projectDirPath = "";
			projectRoot = "";
			targets = (
				A56EC70D2A05310000A9757C /* isEqual */,
			);
		};
/* End PBXProject section */

/* Begin PBXSourcesBuildPhase section */
		A56EC70A2A05310000A9757C /* Sources */ = {
			isa = PBXSourcesBuildPhase;
			buildActionMask = 2147483647;
			files = (
				A56EC71D2A05335300A9757C /* FKItem.m in Sources */,
				A56EC7202A05357400A9757C /* FKPerson.m in Sources */,
				A56EC7122A05310000A9757C /* main.m in Sources */,
				A56EC71A2A05319C00A9757C /* FKDog.m in Sources */,
			);
			runOnlyForDeploymentPostprocessing = 0;
		};
/* End PBXSourcesBuildPhase section */

/* Begin XCBuildConfiguration section */
		A56EC7132A05310000A9757C /* Debug */ = {
			isa = XCBuildConfiguration;
			buildSettings = {
				ALWAYS_SEARCH_USER_PATHS = NO;
				CLANG_ANALYZER_NONNULL = YES;
				CLANG_ANALYZER_NUMBER_OBJECT_CONVERSION = YES_AGGRESSIVE;
				CLANG_CXX_LANGUAGE_STANDARD = "gnu++20";
				CLANG_ENABLE_MODULES = YES;
				CLANG_ENABLE_OBJC_ARC = YES;
				CLANG_ENABLE_OBJC_WEAK = YES;
				CLANG_WARN_BLOCK_CAPTURE_AUTORELEASING = YES;
				CLANG_WARN_BOOL_CONVERSION = YES;
				CLANG_WARN_COMMA = YES;
				CLANG_WARN_CONSTANT_CONVERSION = YES;
				CLANG_WARN_DEPRECATED_OBJC_IMPLEMENTATIONS = YES;
				CLANG_WARN_DIRECT_OBJC_ISA_USAGE = YES_ERROR;
				CLANG_WARN_DOCUMENTATION_COMMENTS = YES;
				CLANG_WARN_EMPTY_BODY = YES;
				CLANG_WARN_ENUM_CONVERSION = YES;
				CLANG_WARN_INFINITE_RECURSION = YES;
				CLANG_WARN_INT_CONVERSION = YES;
				CLANG_WARN_NON_LITERAL_NULL_CONVERSION = YES;
				CLANG_WARN_OBJC_IMPLICIT_RETAIN_SELF = YES;
				CLANG_WARN_OBJC_LITERAL_CONVERSION = YES;
				CLANG_WARN_OBJC_ROOT_CLASS = YES_ERROR;
				CLANG_WARN_QUOTED_INCLUDE_IN_FRAMEWORK_HEADER = YES;
				CLANG_WARN_RANGE_LOOP_ANALYSIS = YES;
				CLANG_WARN_STRICT_PROTOTYPES = YES;
				CLANG_WARN_SUSPICIOUS_MOVE = YES;
				CLANG_WARN_UNGUARDED_AVAILABILITY = YES_AGGRESSIVE;
				CLANG_WARN_UNREACHABLE_CODE = YES;
				CLANG_WARN__DUPLICATE_METHOD_MATCH = YES;
				COPY_PHASE_STRIP = NO;
				DEBUG_INFORMATION_FORMAT = dwarf;
				ENABLE_STRICT_OBJC_MSGSEND = YES;
				ENABLE_TESTABILITY = YES;
				GCC_C_LANGUAGE_STANDARD = gnu11;
				GCC_DYNAMIC_NO_PIC = NO;
				GCC_NO_COMMON_BLOCKS = YES;
				GCC_OPTIMIZATION_LEVEL = 0;
				GCC_PREPROCESSOR_DEFINITIONS = (
					"DEBUG=1",
					"$(inherited)",
				);
				GCC_WARN_64_TO_32_BIT_CONVERSION = YES;
				GCC_WARN_ABOUT_RETURN_TYPE = YES_ERROR;
				GCC_WARN_UNDECLARED_SELECTOR = YES;
				GCC_WARN_UNINITIALIZED_AUTOS = YES_AGGRESSIVE;
				GCC_WARN_UNUSED_FUNCTION = YES;
				GCC_WARN_UNUSED_VARIABLE = YES;
				MACOSX_DEPLOYMENT_TARGET = 13.0;
				MTL_ENABLE_DEBUG_INFO = INCLUDE_SOURCE;
				MTL_FAST_MATH = YES;
				ONLY_ACTIVE_ARCH = YES;
				SDKROOT = macosx;
			};
			name = Debug;
		};
		A56EC7142A05310000A9757C /* Release */ = {
			isa = XCBuildConfiguration;
			buildSettings = {
				ALWAYS_SEARCH_USER_PATHS = NO;
				CLANG_ANALYZER_NONNULL = YES;
				CLANG_ANALYZER_NUMBER_OBJECT_CONVERSION = YES_AGGRESSIVE;
				CLANG_CXX_LANGUAGE_STANDARD = "gnu++20";
				CLANG_ENABLE_MODULES = YES;
				CLANG_ENABLE_OBJC_ARC = YES;
				CLANG_ENABLE_OBJC_WEAK = YES;
				CLANG_WARN_BLOCK_CAPTURE_AUTORELEASING = YES;
				CLANG_WARN_BOOL_CONVERSION = YES;
				CLANG_WARN_COMMA = YES;
				CLANG_WARN_CONSTANT_CONVERSION = YES;
				CLANG_WARN_DEPRECATED_OBJC_IMPLEMENTATIONS = YES;
				CLANG_WARN_DIRECT_OBJC_ISA_USAGE = YES_ERROR;
				CLANG_WARN_DOCUMENTATION_COMMENTS = YES;
				CLANG_WARN_EMPTY_BODY = YES;
				CLANG_WARN_ENUM_CONVERSION = YES;
				CLANG_WARN_INFINITE_RECURSION = YES;
				CLANG_WARN_INT_CONVERSION = YES;
				CLANG_WARN_NON_LITERAL_NULL_CONVERSION = YES;
				CLANG_WARN_OBJC_IMPLICIT_RETAIN_SELF = YES;
				CLANG_WARN_OBJC_LITERAL_CONVERSION = YES;
				CLANG_WARN_OBJC_ROOT_CLASS = YES_ERROR;
				CLANG_WARN_QUOTED_INCLUDE_IN_FRAMEWORK_HEADER = YES;
				CLANG_WARN_RANGE_LOOP_ANALYSIS = YES;
				CLANG_WARN_STRICT_PROTOTYPES = YES;
				CLANG_WARN_SUSPICIOUS_MOVE = YES;
				CLANG_WARN_UNGUARDED_AVAILABILITY = YES_AGGRESSIVE;
				CLANG_WARN_UNREACHABLE_CODE = YES;
				CLANG_WARN__DUPLICATE_METHOD_MATCH = YES;
				COPY_PHASE_STRIP = NO;
				DEBUG_INFORMATION_FORMAT = "dwarf-with-dsym";
				ENABLE_NS_ASSERTIONS = NO;
				ENABLE_STRICT_OBJC_MSGSEND = YES;
				GCC_C_LANGUAGE_STANDARD = gnu11;
				GCC_NO_COMMON_BLOCKS = YES;
				GCC_WARN_64_TO_32_BIT_CONVERSION = YES;
				GCC_WARN_ABOUT_RETURN_TYPE = YES_ERROR;
				GCC_WARN_UNDECLARED_SELECTOR = YES;
				GCC_WARN_UNINITIALIZED_AUTOS = YES_AGGRESSIVE;
				GCC_WARN_UNUSED_FUNCTION = YES;
				GCC_WARN_UNUSED_VARIABLE = YES;
				MACOSX_DEPLOYMENT_TARGET = 13.0;
				MTL_ENABLE_DEBUG_INFO = NO;
				MTL_FAST_MATH = YES;
				SDKROOT = macosx;
			};
			name = Release;
		};
		A56EC7162A05310000A9757C /* Debug */ = {
			isa = XCBuildConfiguration;
			buildSettings = {
				CODE_SIGN_STYLE = Automatic;
				PRODUCT_NAME = "$(TARGET_NAME)";
			};
			name = Debug;
		};
		A56EC7172A05310000A9757C /* Release */ = {
			isa = XCBuildConfiguration;
			buildSettings = {
				CODE_SIGN_STYLE = Automatic;
				PRODUCT_NAME = "$(TARGET_NAME)";
			};
			name = Release;
		};
/* End XCBuildConfiguration section */

/* Begin XCConfigurationList section */
		A56EC7092A05310000A9757C /* Build configuration list for PBXProject "isEqual" */ = {
			isa = XCConfigurationList;
			buildConfigurations = (
				A56EC7132A05310000A9757C /* Debug */,
				A56EC7142A05310000A9757C /* Release */,
			);
			defaultConfigurationIsVisible = 0;
			defaultConfigurationName = Release;
		};
		A56EC7152A05310000A9757C /* Build configuration list for PBXNativeTarget "isEqual" */ = {
			isa = XCConfigurationList;
			buildConfigurations = (
				A56EC7162A05310000A9757C /* Debug */,
				A56EC7172A05310000A9757C /* Release */,
			);
			defaultConfigurationIsVisible = 0;
			defaultConfigurationName = Release;
		};
/* End XCConfigurationList section */
	};
	rootObject = A56EC7062A05310000A9757C /* Project object */;
}
