// !$*UTF8*$!
{
	archiveVersion = 1;
	classes = {
	};
	objectVersion = 56;
	objects = {

/* Begin PBXBuildFile section */
		A520D3C02A1885140028FC74 /* AppDelegate.m in Sources */ = {isa = PBXBuildFile; fileRef = A520D3BF2A1885140028FC74 /* AppDelegate.m */; };
		A520D3C32A1885140028FC74 /* SceneDelegate.m in Sources */ = {isa = PBXBuildFile; fileRef = A520D3C22A1885140028FC74 /* SceneDelegate.m */; };
		A520D3C62A1885140028FC74 /* ViewController.m in Sources */ = {isa = PBXBuildFile; fileRef = A520D3C52A1885140028FC74 /* ViewController.m */; };
		A520D3C92A1885140028FC74 /* Main.storyboard in Resources */ = {isa = PBXBuildFile; fileRef = A520D3C72A1885140028FC74 /* Main.storyboard */; };
		A520D3CB2A1885150028FC74 /* Assets.xcassets in Resources */ = {isa = PBXBuildFile; fileRef = A520D3CA2A1885150028FC74 /* Assets.xcassets */; };
		A520D3CE2A1885150028FC74 /* LaunchScreen.storyboard in Resources */ = {isa = PBXBuildFile; fileRef = A520D3CC2A1885150028FC74 /* LaunchScreen.storyboard */; };
		A520D3D12A1885150028FC74 /* main.m in Sources */ = {isa = PBXBuildFile; fileRef = A520D3D02A1885150028FC74 /* main.m */; };
		A520D3DB2A1885150028FC74 /* firstUITestTests.m in Sources */ = {isa = PBXBuildFile; fileRef = A520D3DA2A1885150028FC74 /* firstUITestTests.m */; };
		A520D3E52A1885150028FC74 /* firstUITestUITests.m in Sources */ = {isa = PBXBuildFile; fileRef = A520D3E42A1885150028FC74 /* firstUITestUITests.m */; };
		A520D3E72A1885150028FC74 /* firstUITestUITestsLaunchTests.m in Sources */ = {isa = PBXBuildFile; fileRef = A520D3E62A1885150028FC74 /* firstUITestUITestsLaunchTests.m */; };
/* End PBXBuildFile section */

/* Begin PBXContainerItemProxy section */
		A520D3D72A1885150028FC74 /* PBXContainerItemProxy */ = {
			isa = PBXContainerItemProxy;
			containerPortal = A520D3B32A1885140028FC74 /* Project object */;
			proxyType = 1;
			remoteGlobalIDString = A520D3BA2A1885140028FC74;
			remoteInfo = firstUITest;
		};
		A520D3E12A1885150028FC74 /* PBXContainerItemProxy */ = {
			isa = PBXContainerItemProxy;
			containerPortal = A520D3B32A1885140028FC74 /* Project object */;
			proxyType = 1;
			remoteGlobalIDString = A520D3BA2A1885140028FC74;
			remoteInfo = firstUITest;
		};
/* End PBXContainerItemProxy section */

/* Begin PBXFileReference section */
		A520D3BB2A1885140028FC74 /* firstUITest.app */ = {isa = PBXFileReference; explicitFileType = wrapper.application; includeInIndex = 0; path = firstUITest.app; sourceTree = BUILT_PRODUCTS_DIR; };
		A520D3BE2A1885140028FC74 /* AppDelegate.h */ = {isa = PBXFileReference; lastKnownFileType = sourcecode.c.h; path = AppDelegate.h; sourceTree = "<group>"; };
		A520D3BF2A1885140028FC74 /* AppDelegate.m */ = {isa = PBXFileReference; lastKnownFileType = sourcecode.c.objc; path = AppDelegate.m; sourceTree = "<group>"; };
		A520D3C12A1885140028FC74 /* SceneDelegate.h */ = {isa = PBXFileReference; lastKnownFileType = sourcecode.c.h; path = SceneDelegate.h; sourceTree = "<group>"; };
		A520D3C22A1885140028FC74 /* SceneDelegate.m */ = {isa = PBXFileReference; lastKnownFileType = sourcecode.c.objc; path = SceneDelegate.m; sourceTree = "<group>"; };
		A520D3C42A1885140028FC74 /* ViewController.h */ = {isa = PBXFileReference; lastKnownFileType = sourcecode.c.h; path = ViewController.h; sourceTree = "<group>"; };
		A520D3C52A1885140028FC74 /* ViewController.m */ = {isa = PBXFileReference; lastKnownFileType = sourcecode.c.objc; path = ViewController.m; sourceTree = "<group>"; };
		A520D3C82A1885140028FC74 /* Base */ = {isa = PBXFileReference; lastKnownFileType = file.storyboard; name = Base; path = Base.lproj/Main.storyboard; sourceTree = "<group>"; };
		A520D3CA2A1885150028FC74 /* Assets.xcassets */ = {isa = PBXFileReference; lastKnownFileType = folder.assetcatalog; path = Assets.xcassets; sourceTree = "<group>"; };
		A520D3CD2A1885150028FC74 /* Base */ = {isa = PBXFileReference; lastKnownFileType = file.storyboard; name = Base; path = Base.lproj/LaunchScreen.storyboard; sourceTree = "<group>"; };
		A520D3CF2A1885150028FC74 /* Info.plist */ = {isa = PBXFileReference; lastKnownFileType = text.plist.xml; path = Info.plist; sourceTree = "<group>"; };
		A520D3D02A1885150028FC74 /* main.m */ = {isa = PBXFileReference; lastKnownFileType = sourcecode.c.objc; path = main.m; sourceTree = "<group>"; };
		A520D3D62A1885150028FC74 /* firstUITestTests.xctest */ = {isa = PBXFileReference; explicitFileType = wrapper.cfbundle; includeInIndex = 0; path = firstUITestTests.xctest; sourceTree = BUILT_PRODUCTS_DIR; };
		A520D3DA2A1885150028FC74 /* firstUITestTests.m */ = {isa = PBXFileReference; lastKnownFileType = sourcecode.c.objc; path = firstUITestTests.m; sourceTree = "<group>"; };
		A520D3E02A1885150028FC74 /* firstUITestUITests.xctest */ = {isa = PBXFileReference; explicitFileType = wrapper.cfbundle; includeInIndex = 0; path = firstUITestUITests.xctest; sourceTree = BUILT_PRODUCTS_DIR; };
		A520D3E42A1885150028FC74 /* firstUITestUITests.m */ = {isa = PBXFileReference; lastKnownFileType = sourcecode.c.objc; path = firstUITestUITests.m; sourceTree = "<group>"; };
		A520D3E62A1885150028FC74 /* firstUITestUITestsLaunchTests.m */ = {isa = PBXFileReference; lastKnownFileType = sourcecode.c.objc; path = firstUITestUITestsLaunchTests.m; sourceTree = "<group>"; };
/* End PBXFileReference section */

/* Begin PBXFrameworksBuildPhase section */
		A520D3B82A1885140028FC74 /* Frameworks */ = {
			isa = PBXFrameworksBuildPhase;
			buildActionMask = 2147483647;
			files = (
			);
			runOnlyForDeploymentPostprocessing = 0;
		};
		A520D3D32A1885150028FC74 /* Frameworks */ = {
			isa = PBXFrameworksBuildPhase;
			buildActionMask = 2147483647;
			files = (
			);
			runOnlyForDeploymentPostprocessing = 0;
		};
		A520D3DD2A1885150028FC74 /* Frameworks */ = {
			isa = PBXFrameworksBuildPhase;
			buildActionMask = 2147483647;
			files = (
			);
			runOnlyForDeploymentPostprocessing = 0;
		};
/* End PBXFrameworksBuildPhase section */

/* Begin PBXGroup section */
		A520D3B22A1885140028FC74 = {
			isa = PBXGroup;
			children = (
				A520D3BD2A1885140028FC74 /* firstUITest */,
				A520D3D92A1885150028FC74 /* firstUITestTests */,
				A520D3E32A1885150028FC74 /* firstUITestUITests */,
				A520D3BC2A1885140028FC74 /* Products */,
			);
			sourceTree = "<group>";
		};
		A520D3BC2A1885140028FC74 /* Products */ = {
			isa = PBXGroup;
			children = (
				A520D3BB2A1885140028FC74 /* firstUITest.app */,
				A520D3D62A1885150028FC74 /* firstUITestTests.xctest */,
				A520D3E02A1885150028FC74 /* firstUITestUITests.xctest */,
			);
			name = Products;
			sourceTree = "<group>";
		};
		A520D3BD2A1885140028FC74 /* firstUITest */ = {
			isa = PBXGroup;
			children = (
				A520D3BE2A1885140028FC74 /* AppDelegate.h */,
				A520D3BF2A1885140028FC74 /* AppDelegate.m */,
				A520D3C12A1885140028FC74 /* SceneDelegate.h */,
				A520D3C22A1885140028FC74 /* SceneDelegate.m */,
				A520D3C42A1885140028FC74 /* ViewController.h */,
				A520D3C52A1885140028FC74 /* ViewController.m */,
				A520D3C72A1885140028FC74 /* Main.storyboard */,
				A520D3CA2A1885150028FC74 /* Assets.xcassets */,
				A520D3CC2A1885150028FC74 /* LaunchScreen.storyboard */,
				A520D3CF2A1885150028FC74 /* Info.plist */,
				A520D3D02A1885150028FC74 /* main.m */,
			);
			path = firstUITest;
			sourceTree = "<group>";
		};
		A520D3D92A1885150028FC74 /* firstUITestTests */ = {
			isa = PBXGroup;
			children = (
				A520D3DA2A1885150028FC74 /* firstUITestTests.m */,
			);
			path = firstUITestTests;
			sourceTree = "<group>";
		};
		A520D3E32A1885150028FC74 /* firstUITestUITests */ = {
			isa = PBXGroup;
			children = (
				A520D3E42A1885150028FC74 /* firstUITestUITests.m */,
				A520D3E62A1885150028FC74 /* firstUITestUITestsLaunchTests.m */,
			);
			path = firstUITestUITests;
			sourceTree = "<group>";
		};
/* End PBXGroup section */

/* Begin PBXNativeTarget section */
		A520D3BA2A1885140028FC74 /* firstUITest */ = {
			isa = PBXNativeTarget;
			buildConfigurationList = A520D3EA2A1885150028FC74 /* Build configuration list for PBXNativeTarget "firstUITest" */;
			buildPhases = (
				A520D3B72A1885140028FC74 /* Sources */,
				A520D3B82A1885140028FC74 /* Frameworks */,
				A520D3B92A1885140028FC74 /* Resources */,
			);
			buildRules = (
			);
			dependencies = (
			);
			name = firstUITest;
			productName = firstUITest;
			productReference = A520D3BB2A1885140028FC74 /* firstUITest.app */;
			productType = "com.apple.product-type.application";
		};
		A520D3D52A1885150028FC74 /* firstUITestTests */ = {
			isa = PBXNativeTarget;
			buildConfigurationList = A520D3ED2A1885150028FC74 /* Build configuration list for PBXNativeTarget "firstUITestTests" */;
			buildPhases = (
				A520D3D22A1885150028FC74 /* Sources */,
				A520D3D32A1885150028FC74 /* Frameworks */,
				A520D3D42A1885150028FC74 /* Resources */,
			);
			buildRules = (
			);
			dependencies = (
				A520D3D82A1885150028FC74 /* PBXTargetDependency */,
			);
			name = firstUITestTests;
			productName = firstUITestTests;
			productReference = A520D3D62A1885150028FC74 /* firstUITestTests.xctest */;
			productType = "com.apple.product-type.bundle.unit-test";
		};
		A520D3DF2A1885150028FC74 /* firstUITestUITests */ = {
			isa = PBXNativeTarget;
			buildConfigurationList = A520D3F02A1885150028FC74 /* Build configuration list for PBXNativeTarget "firstUITestUITests" */;
			buildPhases = (
				A520D3DC2A1885150028FC74 /* Sources */,
				A520D3DD2A1885150028FC74 /* Frameworks */,
				A520D3DE2A1885150028FC74 /* Resources */,
			);
			buildRules = (
			);
			dependencies = (
				A520D3E22A1885150028FC74 /* PBXTargetDependency */,
			);
			name = firstUITestUITests;
			productName = firstUITestUITests;
			productReference = A520D3E02A1885150028FC74 /* firstUITestUITests.xctest */;
			productType = "com.apple.product-type.bundle.ui-testing";
		};
/* End PBXNativeTarget section */

/* Begin PBXProject section */
		A520D3B32A1885140028FC74 /* Project object */ = {
			isa = PBXProject;
			attributes = {
				BuildIndependentTargetsInParallel = 1;
				LastUpgradeCheck = 1430;
				TargetAttributes = {
					A520D3BA2A1885140028FC74 = {
						CreatedOnToolsVersion = 14.3;
					};
					A520D3D52A1885150028FC74 = {
						CreatedOnToolsVersion = 14.3;
						TestTargetID = A520D3BA2A1885140028FC74;
					};
					A520D3DF2A1885150028FC74 = {
						CreatedOnToolsVersion = 14.3;
						TestTargetID = A520D3BA2A1885140028FC74;
					};
				};
			};
			buildConfigurationList = A520D3B62A1885140028FC74 /* Build configuration list for PBXProject "firstUITest" */;
			compatibilityVersion = "Xcode 14.0";
			developmentRegion = en;
			hasScannedForEncodings = 0;
			knownRegions = (
				en,
				Base,
			);
			mainGroup = A520D3B22A1885140028FC74;
			productRefGroup = A520D3BC2A1885140028FC74 /* Products */;
			projectDirPath = "";
			projectRoot = "";
			targets = (
				A520D3BA2A1885140028FC74 /* firstUITest */,
				A520D3D52A1885150028FC74 /* firstUITestTests */,
				A520D3DF2A1885150028FC74 /* firstUITestUITests */,
			);
		};
/* End PBXProject section */

/* Begin PBXResourcesBuildPhase section */
		A520D3B92A1885140028FC74 /* Resources */ = {
			isa = PBXResourcesBuildPhase;
			buildActionMask = 2147483647;
			files = (
				A520D3CE2A1885150028FC74 /* LaunchScreen.storyboard in Resources */,
				A520D3CB2A1885150028FC74 /* Assets.xcassets in Resources */,
				A520D3C92A1885140028FC74 /* Main.storyboard in Resources */,
			);
			runOnlyForDeploymentPostprocessing = 0;
		};
		A520D3D42A1885150028FC74 /* Resources */ = {
			isa = PBXResourcesBuildPhase;
			buildActionMask = 2147483647;
			files = (
			);
			runOnlyForDeploymentPostprocessing = 0;
		};
		A520D3DE2A1885150028FC74 /* Resources */ = {
			isa = PBXResourcesBuildPhase;
			buildActionMask = 2147483647;
			files = (
			);
			runOnlyForDeploymentPostprocessing = 0;
		};
/* End PBXResourcesBuildPhase section */

/* Begin PBXSourcesBuildPhase section */
		A520D3B72A1885140028FC74 /* Sources */ = {
			isa = PBXSourcesBuildPhase;
			buildActionMask = 2147483647;
			files = (
				A520D3C62A1885140028FC74 /* ViewController.m in Sources */,
				A520D3C02A1885140028FC74 /* AppDelegate.m in Sources */,
				A520D3D12A1885150028FC74 /* main.m in Sources */,
				A520D3C32A1885140028FC74 /* SceneDelegate.m in Sources */,
			);
			runOnlyForDeploymentPostprocessing = 0;
		};
		A520D3D22A1885150028FC74 /* Sources */ = {
			isa = PBXSourcesBuildPhase;
			buildActionMask = 2147483647;
			files = (
				A520D3DB2A1885150028FC74 /* firstUITestTests.m in Sources */,
			);
			runOnlyForDeploymentPostprocessing = 0;
		};
		A520D3DC2A1885150028FC74 /* Sources */ = {
			isa = PBXSourcesBuildPhase;
			buildActionMask = 2147483647;
			files = (
				A520D3E52A1885150028FC74 /* firstUITestUITests.m in Sources */,
				A520D3E72A1885150028FC74 /* firstUITestUITestsLaunchTests.m in Sources */,
			);
			runOnlyForDeploymentPostprocessing = 0;
		};
/* End PBXSourcesBuildPhase section */

/* Begin PBXTargetDependency section */
		A520D3D82A1885150028FC74 /* PBXTargetDependency */ = {
			isa = PBXTargetDependency;
			target = A520D3BA2A1885140028FC74 /* firstUITest */;
			targetProxy = A520D3D72A1885150028FC74 /* PBXContainerItemProxy */;
		};
		A520D3E22A1885150028FC74 /* PBXTargetDependency */ = {
			isa = PBXTargetDependency;
			target = A520D3BA2A1885140028FC74 /* firstUITest */;
			targetProxy = A520D3E12A1885150028FC74 /* PBXContainerItemProxy */;
		};
/* End PBXTargetDependency section */

/* Begin PBXVariantGroup section */
		A520D3C72A1885140028FC74 /* Main.storyboard */ = {
			isa = PBXVariantGroup;
			children = (
				A520D3C82A1885140028FC74 /* Base */,
			);
			name = Main.storyboard;
			sourceTree = "<group>";
		};
		A520D3CC2A1885150028FC74 /* LaunchScreen.storyboard */ = {
			isa = PBXVariantGroup;
			children = (
				A520D3CD2A1885150028FC74 /* Base */,
			);
			name = LaunchScreen.storyboard;
			sourceTree = "<group>";
		};
/* End PBXVariantGroup section */

/* Begin XCBuildConfiguration section */
		A520D3E82A1885150028FC74 /* Debug */ = {
			isa = XCBuildConfiguration;
			buildSettings = {
				ALWAYS_SEARCH_USER_PATHS = NO;
				CLANG_ANALYZER_NONNULL = YES;
				CLANG_ANALYZER_NUMBER_OBJECT_CONVERSION = YES_AGGRESSIVE;
				CLANG_CXX_LANGUAGE_STANDARD = "gnu++20";
				CLANG_ENABLE_MODULES = YES;
				CLANG_ENABLE_OBJC_ARC = YES;
				CLANG_ENABLE_OBJC_WEAK = YES;
				CLANG_WARN_BLOCK_CAPTURE_AUTORELEASING = YES;
				CLANG_WARN_BOOL_CONVERSION = YES;
				CLANG_WARN_COMMA = YES;
				CLANG_WARN_CONSTANT_CONVERSION = YES;
				CLANG_WARN_DEPRECATED_OBJC_IMPLEMENTATIONS = YES;
				CLANG_WARN_DIRECT_OBJC_ISA_USAGE = YES_ERROR;
				CLANG_WARN_DOCUMENTATION_COMMENTS = YES;
				CLANG_WARN_EMPTY_BODY = YES;
				CLANG_WARN_ENUM_CONVERSION = YES;
				CLANG_WARN_INFINITE_RECURSION = YES;
				CLANG_WARN_INT_CONVERSION = YES;
				CLANG_WARN_NON_LITERAL_NULL_CONVERSION = YES;
				CLANG_WARN_OBJC_IMPLICIT_RETAIN_SELF = YES;
				CLANG_WARN_OBJC_LITERAL_CONVERSION = YES;
				CLANG_WARN_OBJC_ROOT_CLASS = YES_ERROR;
				CLANG_WARN_QUOTED_INCLUDE_IN_FRAMEWORK_HEADER = YES;
				CLANG_WARN_RANGE_LOOP_ANALYSIS = YES;
				CLANG_WARN_STRICT_PROTOTYPES = YES;
				CLANG_WARN_SUSPICIOUS_MOVE = YES;
				CLANG_WARN_UNGUARDED_AVAILABILITY = YES_AGGRESSIVE;
				CLANG_WARN_UNREACHABLE_CODE = YES;
				CLANG_WARN__DUPLICATE_METHOD_MATCH = YES;
				COPY_PHASE_STRIP = NO;
				DEBUG_INFORMATION_FORMAT = dwarf;
				ENABLE_STRICT_OBJC_MSGSEND = YES;
				ENABLE_TESTABILITY = YES;
				GCC_C_LANGUAGE_STANDARD = gnu11;
				GCC_DYNAMIC_NO_PIC = NO;
				GCC_NO_COMMON_BLOCKS = YES;
				GCC_OPTIMIZATION_LEVEL = 0;
				GCC_PREPROCESSOR_DEFINITIONS = (
					"DEBUG=1",
					"$(inherited)",
				);
				GCC_WARN_64_TO_32_BIT_CONVERSION = YES;
				GCC_WARN_ABOUT_RETURN_TYPE = YES_ERROR;
				GCC_WARN_UNDECLARED_SELECTOR = YES;
				GCC_WARN_UNINITIALIZED_AUTOS = YES_AGGRESSIVE;
				GCC_WARN_UNUSED_FUNCTION = YES;
				GCC_WARN_UNUSED_VARIABLE = YES;
				IPHONEOS_DEPLOYMENT_TARGET = 16.4;
				MTL_ENABLE_DEBUG_INFO = INCLUDE_SOURCE;
				MTL_FAST_MATH = YES;
				ONLY_ACTIVE_ARCH = YES;
				SDKROOT = iphoneos;
			};
			name = Debug;
		};
		A520D3E92A1885150028FC74 /* Release */ = {
			isa = XCBuildConfiguration;
			buildSettings = {
				ALWAYS_SEARCH_USER_PATHS = NO;
				CLANG_ANALYZER_NONNULL = YES;
				CLANG_ANALYZER_NUMBER_OBJECT_CONVERSION = YES_AGGRESSIVE;
				CLANG_CXX_LANGUAGE_STANDARD = "gnu++20";
				CLANG_ENABLE_MODULES = YES;
				CLANG_ENABLE_OBJC_ARC = YES;
				CLANG_ENABLE_OBJC_WEAK = YES;
				CLANG_WARN_BLOCK_CAPTURE_AUTORELEASING = YES;
				CLANG_WARN_BOOL_CONVERSION = YES;
				CLANG_WARN_COMMA = YES;
				CLANG_WARN_CONSTANT_CONVERSION = YES;
				CLANG_WARN_DEPRECATED_OBJC_IMPLEMENTATIONS = YES;
				CLANG_WARN_DIRECT_OBJC_ISA_USAGE = YES_ERROR;
				CLANG_WARN_DOCUMENTATION_COMMENTS = YES;
				CLANG_WARN_EMPTY_BODY = YES;
				CLANG_WARN_ENUM_CONVERSION = YES;
				CLANG_WARN_INFINITE_RECURSION = YES;
				CLANG_WARN_INT_CONVERSION = YES;
				CLANG_WARN_NON_LITERAL_NULL_CONVERSION = YES;
				CLANG_WARN_OBJC_IMPLICIT_RETAIN_SELF = YES;
				CLANG_WARN_OBJC_LITERAL_CONVERSION = YES;
				CLANG_WARN_OBJC_ROOT_CLASS = YES_ERROR;
				CLANG_WARN_QUOTED_INCLUDE_IN_FRAMEWORK_HEADER = YES;
				CLANG_WARN_RANGE_LOOP_ANALYSIS = YES;
				CLANG_WARN_STRICT_PROTOTYPES = YES;
				CLANG_WARN_SUSPICIOUS_MOVE = YES;
				CLANG_WARN_UNGUARDED_AVAILABILITY = YES_AGGRESSIVE;
				CLANG_WARN_UNREACHABLE_CODE = YES;
				CLANG_WARN__DUPLICATE_METHOD_MATCH = YES;
				COPY_PHASE_STRIP = NO;
				DEBUG_INFORMATION_FORMAT = "dwarf-with-dsym";
				ENABLE_NS_ASSERTIONS = NO;
				ENABLE_STRICT_OBJC_MSGSEND = YES;
				GCC_C_LANGUAGE_STANDARD = gnu11;
				GCC_NO_COMMON_BLOCKS = YES;
				GCC_WARN_64_TO_32_BIT_CONVERSION = YES;
				GCC_WARN_ABOUT_RETURN_TYPE = YES_ERROR;
				GCC_WARN_UNDECLARED_SELECTOR = YES;
				GCC_WARN_UNINITIALIZED_AUTOS = YES_AGGRESSIVE;
				GCC_WARN_UNUSED_FUNCTION = YES;
				GCC_WARN_UNUSED_VARIABLE = YES;
				IPHONEOS_DEPLOYMENT_TARGET = 16.4;
				MTL_ENABLE_DEBUG_INFO = NO;
				MTL_FAST_MATH = YES;
				SDKROOT = iphoneos;
				VALIDATE_PRODUCT = YES;
			};
			name = Release;
		};
		A520D3EB2A1885150028FC74 /* Debug */ = {
			isa = XCBuildConfiguration;
			buildSettings = {
				ASSETCATALOG_COMPILER_APPICON_NAME = AppIcon;
				ASSETCATALOG_COMPILER_GLOBAL_ACCENT_COLOR_NAME = AccentColor;
				CODE_SIGN_STYLE = Automatic;
				CURRENT_PROJECT_VERSION = 1;
				GENERATE_INFOPLIST_FILE = YES;
				INFOPLIST_FILE = firstUITest/Info.plist;
				INFOPLIST_KEY_UIApplicationSupportsIndirectInputEvents = YES;
				INFOPLIST_KEY_UILaunchStoryboardName = LaunchScreen;
				INFOPLIST_KEY_UIMainStoryboardFile = Main;
				INFOPLIST_KEY_UISupportedInterfaceOrientations_iPad = "UIInterfaceOrientationPortrait UIInterfaceOrientationPortraitUpsideDown UIInterfaceOrientationLandscapeLeft UIInterfaceOrientationLandscapeRight";
				INFOPLIST_KEY_UISupportedInterfaceOrientations_iPhone = "UIInterfaceOrientationPortrait UIInterfaceOrientationLandscapeLeft UIInterfaceOrientationLandscapeRight";
				LD_RUNPATH_SEARCH_PATHS = (
					"$(inherited)",
					"@executable_path/Frameworks",
				);
				MARKETING_VERSION = 1.0;
				PRODUCT_BUNDLE_IDENTIFIER = xuan.firstUITest;
				PRODUCT_NAME = "$(TARGET_NAME)";
				SWIFT_EMIT_LOC_STRINGS = YES;
				TARGETED_DEVICE_FAMILY = "1,2";
			};
			name = Debug;
		};
		A520D3EC2A1885150028FC74 /* Release */ = {
			isa = XCBuildConfiguration;
			buildSettings = {
				ASSETCATALOG_COMPILER_APPICON_NAME = AppIcon;
				ASSETCATALOG_COMPILER_GLOBAL_ACCENT_COLOR_NAME = AccentColor;
				CODE_SIGN_STYLE = Automatic;
				CURRENT_PROJECT_VERSION = 1;
				GENERATE_INFOPLIST_FILE = YES;
				INFOPLIST_FILE = firstUITest/Info.plist;
				INFOPLIST_KEY_UIApplicationSupportsIndirectInputEvents = YES;
				INFOPLIST_KEY_UILaunchStoryboardName = LaunchScreen;
				INFOPLIST_KEY_UIMainStoryboardFile = Main;
				INFOPLIST_KEY_UISupportedInterfaceOrientations_iPad = "UIInterfaceOrientationPortrait UIInterfaceOrientationPortraitUpsideDown UIInterfaceOrientationLandscapeLeft UIInterfaceOrientationLandscapeRight";
				INFOPLIST_KEY_UISupportedInterfaceOrientations_iPhone = "UIInterfaceOrientationPortrait UIInterfaceOrientationLandscapeLeft UIInterfaceOrientationLandscapeRight";
				LD_RUNPATH_SEARCH_PATHS = (
					"$(inherited)",
					"@executable_path/Frameworks",
				);
				MARKETING_VERSION = 1.0;
				PRODUCT_BUNDLE_IDENTIFIER = xuan.firstUITest;
				PRODUCT_NAME = "$(TARGET_NAME)";
				SWIFT_EMIT_LOC_STRINGS = YES;
				TARGETED_DEVICE_FAMILY = "1,2";
			};
			name = Release;
		};
		A520D3EE2A1885150028FC74 /* Debug */ = {
			isa = XCBuildConfiguration;
			buildSettings = {
				BUNDLE_LOADER = "$(TEST_HOST)";
				CODE_SIGN_STYLE = Automatic;
				CURRENT_PROJECT_VERSION = 1;
				GENERATE_INFOPLIST_FILE = YES;
				IPHONEOS_DEPLOYMENT_TARGET = 16.4;
				MARKETING_VERSION = 1.0;
				PRODUCT_BUNDLE_IDENTIFIER = xuan.firstUITestTests;
				PRODUCT_NAME = "$(TARGET_NAME)";
				SWIFT_EMIT_LOC_STRINGS = NO;
				TARGETED_DEVICE_FAMILY = "1,2";
				TEST_HOST = "$(BUILT_PRODUCTS_DIR)/firstUITest.app/$(BUNDLE_EXECUTABLE_FOLDER_PATH)/firstUITest";
			};
			name = Debug;
		};
		A520D3EF2A1885150028FC74 /* Release */ = {
			isa = XCBuildConfiguration;
			buildSettings = {
				BUNDLE_LOADER = "$(TEST_HOST)";
				CODE_SIGN_STYLE = Automatic;
				CURRENT_PROJECT_VERSION = 1;
				GENERATE_INFOPLIST_FILE = YES;
				IPHONEOS_DEPLOYMENT_TARGET = 16.4;
				MARKETING_VERSION = 1.0;
				PRODUCT_BUNDLE_IDENTIFIER = xuan.firstUITestTests;
				PRODUCT_NAME = "$(TARGET_NAME)";
				SWIFT_EMIT_LOC_STRINGS = NO;
				TARGETED_DEVICE_FAMILY = "1,2";
				TEST_HOST = "$(BUILT_PRODUCTS_DIR)/firstUITest.app/$(BUNDLE_EXECUTABLE_FOLDER_PATH)/firstUITest";
			};
			name = Release;
		};
		A520D3F12A1885150028FC74 /* Debug */ = {
			isa = XCBuildConfiguration;
			buildSettings = {
				CODE_SIGN_STYLE = Automatic;
				CURRENT_PROJECT_VERSION = 1;
				GENERATE_INFOPLIST_FILE = YES;
				MARKETING_VERSION = 1.0;
				PRODUCT_BUNDLE_IDENTIFIER = xuan.firstUITestUITests;
				PRODUCT_NAME = "$(TARGET_NAME)";
				SWIFT_EMIT_LOC_STRINGS = NO;
				TARGETED_DEVICE_FAMILY = "1,2";
				TEST_TARGET_NAME = firstUITest;
			};
			name = Debug;
		};
		A520D3F22A1885150028FC74 /* Release */ = {
			isa = XCBuildConfiguration;
			buildSettings = {
				CODE_SIGN_STYLE = Automatic;
				CURRENT_PROJECT_VERSION = 1;
				GENERATE_INFOPLIST_FILE = YES;
				MARKETING_VERSION = 1.0;
				PRODUCT_BUNDLE_IDENTIFIER = xuan.firstUITestUITests;
				PRODUCT_NAME = "$(TARGET_NAME)";
				SWIFT_EMIT_LOC_STRINGS = NO;
				TARGETED_DEVICE_FAMILY = "1,2";
				TEST_TARGET_NAME = firstUITest;
			};
			name = Release;
		};
/* End XCBuildConfiguration section */

/* Begin XCConfigurationList section */
		A520D3B62A1885140028FC74 /* Build configuration list for PBXProject "firstUITest" */ = {
			isa = XCConfigurationList;
			buildConfigurations = (
				A520D3E82A1885150028FC74 /* Debug */,
				A520D3E92A1885150028FC74 /* Release */,
			);
			defaultConfigurationIsVisible = 0;
			defaultConfigurationName = Release;
		};
		A520D3EA2A1885150028FC74 /* Build configuration list for PBXNativeTarget "firstUITest" */ = {
			isa = XCConfigurationList;
			buildConfigurations = (
				A520D3EB2A1885150028FC74 /* Debug */,
				A520D3EC2A1885150028FC74 /* Release */,
			);
			defaultConfigurationIsVisible = 0;
			defaultConfigurationName = Release;
		};
		A520D3ED2A1885150028FC74 /* Build configuration list for PBXNativeTarget "firstUITestTests" */ = {
			isa = XCConfigurationList;
			buildConfigurations = (
				A520D3EE2A1885150028FC74 /* Debug */,
				A520D3EF2A1885150028FC74 /* Release */,
			);
			defaultConfigurationIsVisible = 0;
			defaultConfigurationName = Release;
		};
		A520D3F02A1885150028FC74 /* Build configuration list for PBXNativeTarget "firstUITestUITests" */ = {
			isa = XCConfigurationList;
			buildConfigurations = (
				A520D3F12A1885150028FC74 /* Debug */,
				A520D3F22A1885150028FC74 /* Release */,
			);
			defaultConfigurationIsVisible = 0;
			defaultConfigurationName = Release;
		};
/* End XCConfigurationList section */
	};
	rootObject = A520D3B32A1885140028FC74 /* Project object */;
}
